
Microsoft Visual Studio Solution File, Format Version 12.00
# Visual Studio 2013
VisualStudioVersion = 12.0.21005.1
MinimumVisualStudioVersion = 10.0.40219.1
Project("{FAE04EC0-301F-11D3-BF4B-00C04F79EFBC}") = "GithubTeamWorkDemo", "GithubTeamWorkDemo\GithubTeamWorkDemo.csproj", "{D9A2DA1F-3286-407E-A17A-D2C63E7701A5}"
EndProject
Project("{FAE04EC0-301F-11D3-BF4B-00C04F79EFBC}") = "UnitTestProject1_skj1957", "UnitTestProject1_skj1975\UnitTestProject1_skj1957.csproj", "{9331BA18-D784-446C-9284-8E0D4B9BFA58}"
EndProject
Project("{FAE04EC0-301F-11D3-BF4B-00C04F79EFBC}") = "UnitTestProject1_skjGH", "UnitTestProject1_skjGH\UnitTestProject1_skjGH.csproj", "{F8EC7EE3-D9C6-4C23-B3D5-057F5A7479C3}"
EndProject
Global
	GlobalSection(SolutionConfigurationPlatforms) = preSolution
		Debug|Any CPU = Debug|Any CPU
		Release|Any CPU = Release|Any CPU
	EndGlobalSection
	GlobalSection(ProjectConfigurationPlatforms) = postSolution
		{D9A2DA1F-3286-407E-A17A-D2C63E7701A5}.Debug|Any CPU.ActiveCfg = Debug|Any CPU
		{D9A2DA1F-3286-407E-A17A-D2C63E7701A5}.Debug|Any CPU.Build.0 = Debug|Any CPU
		{D9A2DA1F-3286-407E-A17A-D2C63E7701A5}.Release|Any CPU.ActiveCfg = Release|Any CPU
		{D9A2DA1F-3286-407E-A17A-D2C63E7701A5}.Release|Any CPU.Build.0 = Release|Any CPU
		{9331BA18-D784-446C-9284-8E0D4B9BFA58}.Debug|Any CPU.ActiveCfg = Debug|Any CPU
		{9331BA18-D784-446C-9284-8E0D4B9BFA58}.Debug|Any CPU.Build.0 = Debug|Any CPU
		{9331BA18-D784-446C-9284-8E0D4B9BFA58}.Release|Any CPU.ActiveCfg = Release|Any CPU
		{9331BA18-D784-446C-9284-8E0D4B9BFA58}.Release|Any CPU.Build.0 = Release|Any CPU
		{F8EC7EE3-D9C6-4C23-B3D5-057F5A7479C3}.Debug|Any CPU.ActiveCfg = Debug|Any CPU
		{F8EC7EE3-D9C6-4C23-B3D5-057F5A7479C3}.Debug|Any CPU.Build.0 = Debug|Any CPU
		{F8EC7EE3-D9C6-4C23-B3D5-057F5A7479C3}.Release|Any CPU.ActiveCfg = Release|Any CPU
		{F8EC7EE3-D9C6-4C23-B3D5-057F5A7479C3}.Release|Any CPU.Build.0 = Release|Any CPU
	EndGlobalSection
	GlobalSection(SolutionProperties) = preSolution
		HideSolutionNode = FALSE
	EndGlobalSection
EndGlobal
